
Microsoft Visual Studio Solution File, Format Version 12.00
# Visual Studio Version 16
VisualStudioVersion = 16.0.31205.134
MinimumVisualStudioVersion = 10.0.40219.1
Project("{FAE04EC0-301F-11D3-BF4B-00C04F79EFBC}") = "MyAppMVC", "MyAppMVC\MyAppMVC.csproj", "{24EBE707-EC28-4E55-9142-3A7858CC8F39}"
EndProject
Global
	GlobalSection(SolutionConfigurationPlatforms) = preSolution
		Debug|Any CPU = Debug|Any CPU
		Release|Any CPU = Release|Any CPU
	EndGlobalSection
	GlobalSection(ProjectConfigurationPlatforms) = postSolution
		{24EBE707-EC28-4E55-9142-3A7858CC8F39}.Debug|Any CPU.ActiveCfg = Debug|Any CPU
		{24EBE707-EC28-4E55-9142-3A7858CC8F39}.Debug|Any CPU.Build.0 = Debug|Any CPU
		{24EBE707-EC28-4E55-9142-3A7858CC8F39}.Release|Any CPU.ActiveCfg = Release|Any CPU
		{24EBE707-EC28-4E55-9142-3A7858CC8F39}.Release|Any CPU.Build.0 = Release|Any CPU
	EndGlobalSection
	GlobalSection(SolutionProperties) = preSolution
		HideSolutionNode = FALSE
	EndGlobalSection
	GlobalSection(ExtensibilityGlobals) = postSolution
		SolutionGuid = {3EC0380E-EFDB-410A-A13C-2738054C3CB7}
	EndGlobalSection
EndGlobal
